
Microsoft Visual Studio Solution File, Format Version 12.00
# Visual Studio Version 16
VisualStudioVersion = 16.0.29424.173
MinimumVisualStudioVersion = 10.0.40219.1
Project("{FAE04EC0-301F-11D3-BF4B-00C04F79EFBC}") = "Bai1.Android", "Bai1\Bai1.Android\Bai1.Android.csproj", "{5BF560AB-290D-40FC-AABC-F6CE98DACBBB}"
EndProject
Project("{FAE04EC0-301F-11D3-BF4B-00C04F79EFBC}") = "Bai1", "Bai1\Bai1\Bai1.csproj", "{4BE0A129-9AC3-4BF9-86EC-06AD8849254A}"
EndProject
Project("{FAE04EC0-301F-11D3-BF4B-00C04F79EFBC}") = "Bai2.Android", "Bai2\Bai2.Android\Bai2.Android.csproj", "{AE4C0D43-5909-4DB1-B97C-50AF0D668910}"
EndProject
Project("{FAE04EC0-301F-11D3-BF4B-00C04F79EFBC}") = "Bai2", "Bai2\Bai2\Bai2.csproj", "{AF57FA31-846C-4CF2-BC2E-3CD3156369D0}"
EndProject
Global
	GlobalSection(SolutionConfigurationPlatforms) = preSolution
		Debug|Any CPU = Debug|Any CPU
		Release|Any CPU = Release|Any CPU
	EndGlobalSection
	GlobalSection(ProjectConfigurationPlatforms) = postSolution
		{5BF560AB-290D-40FC-AABC-F6CE98DACBBB}.Debug|Any CPU.ActiveCfg = Debug|Any CPU
		{5BF560AB-290D-40FC-AABC-F6CE98DACBBB}.Debug|Any CPU.Build.0 = Debug|Any CPU
		{5BF560AB-290D-40FC-AABC-F6CE98DACBBB}.Debug|Any CPU.Deploy.0 = Debug|Any CPU
		{5BF560AB-290D-40FC-AABC-F6CE98DACBBB}.Release|Any CPU.ActiveCfg = Release|Any CPU
		{5BF560AB-290D-40FC-AABC-F6CE98DACBBB}.Release|Any CPU.Build.0 = Release|Any CPU
		{5BF560AB-290D-40FC-AABC-F6CE98DACBBB}.Release|Any CPU.Deploy.0 = Release|Any CPU
		{4BE0A129-9AC3-4BF9-86EC-06AD8849254A}.Debug|Any CPU.ActiveCfg = Debug|Any CPU
		{4BE0A129-9AC3-4BF9-86EC-06AD8849254A}.Debug|Any CPU.Build.0 = Debug|Any CPU
		{4BE0A129-9AC3-4BF9-86EC-06AD8849254A}.Release|Any CPU.ActiveCfg = Release|Any CPU
		{4BE0A129-9AC3-4BF9-86EC-06AD8849254A}.Release|Any CPU.Build.0 = Release|Any CPU
		{AE4C0D43-5909-4DB1-B97C-50AF0D668910}.Debug|Any CPU.ActiveCfg = Debug|Any CPU
		{AE4C0D43-5909-4DB1-B97C-50AF0D668910}.Debug|Any CPU.Build.0 = Debug|Any CPU
		{AE4C0D43-5909-4DB1-B97C-50AF0D668910}.Debug|Any CPU.Deploy.0 = Debug|Any CPU
		{AE4C0D43-5909-4DB1-B97C-50AF0D668910}.Release|Any CPU.ActiveCfg = Release|Any CPU
		{AE4C0D43-5909-4DB1-B97C-50AF0D668910}.Release|Any CPU.Build.0 = Release|Any CPU
		{AE4C0D43-5909-4DB1-B97C-50AF0D668910}.Release|Any CPU.Deploy.0 = Release|Any CPU
		{AF57FA31-846C-4CF2-BC2E-3CD3156369D0}.Debug|Any CPU.ActiveCfg = Debug|Any CPU
		{AF57FA31-846C-4CF2-BC2E-3CD3156369D0}.Debug|Any CPU.Build.0 = Debug|Any CPU
		{AF57FA31-846C-4CF2-BC2E-3CD3156369D0}.Release|Any CPU.ActiveCfg = Release|Any CPU
		{AF57FA31-846C-4CF2-BC2E-3CD3156369D0}.Release|Any CPU.Build.0 = Release|Any CPU
	EndGlobalSection
	GlobalSection(SolutionProperties) = preSolution
		HideSolutionNode = FALSE
	EndGlobalSection
	GlobalSection(ExtensibilityGlobals) = postSolution
		SolutionGuid = {9A3767C5-BB1D-4A9F-8645-192E3C2DDAEC}
	EndGlobalSection
EndGlobal
